{
  "name": "react-base-template",
  "version": "1.1.1",
  "lockfileVersion": 1,
  "requires": true,
  "dependencies": {
    "re-resizable": {
      "version": "4.0.2",
      "resolved": "https://registry.npmjs.org/re-resizable/-/re-resizable-4.0.2.tgz",
      "integrity": "sha512-J1nZlVQr9EXZuXDKqEifdIwtF6HtiJC7X623c8JeCf11CqyqmzYLXeS48+ubmtW09rP+l/U4DN1ERqXbd6O/fw=="
    }
  }
}
